
Microsoft Visual Studio Solution File, Format Version 12.00
# Visual Studio Version 16
VisualStudioVersion = 16.0.29424.173
MinimumVisualStudioVersion = 10.0.40219.1
Project("{2150E333-8FDC-42A3-9474-1A3956D46DE8}") = "Services", "Services", "{EF836DFE-7768-44C8-B4EC-4FF7B4F7D7B0}"
EndProject
Project("{2150E333-8FDC-42A3-9474-1A3956D46DE8}") = "ProcessesService", "ProcessesService", "{D4921CF0-8411-4F2E-AACD-F1F412BF7646}"
EndProject
Project("{2150E333-8FDC-42A3-9474-1A3956D46DE8}") = "StatusesService", "StatusesService", "{25AD97C8-366A-43D1-97B0-1231D978EA4D}"
EndProject
Project("{2150E333-8FDC-42A3-9474-1A3956D46DE8}") = "ApplicationService", "ApplicationService", "{C81D7CF6-322C-4F7B-9DAD-07F35EA250B1}"
EndProject
Project("{2150E333-8FDC-42A3-9474-1A3956D46DE8}") = "GatewayService", "GatewayService", "{6262B9BF-905D-44A0-BE22-113EFD28C169}"
EndProject
Project("{9A19103F-16F7-4668-BE54-9A1E7A4F7556}") = "WorkflowManager.Common", "src\WorkflowManager.Common\WorkflowManager.Common.csproj", "{CB579927-C753-43E2-A5EA-04D40199B556}"
EndProject
Project("{9A19103F-16F7-4668-BE54-9A1E7A4F7556}") = "WorkflowManager.CQRS", "src\WorkflowManager.CQRS\WorkflowManager.CQRS.csproj", "{DA8264B0-E8E6-4108-BB26-2C345B916533}"
EndProject
Project("{9A19103F-16F7-4668-BE54-9A1E7A4F7556}") = "WorkflowManager.ProcessesService.Core", "src\Services\ProcessesService\WorkflowManager.ProcessesService.Core\WorkflowManager.ProcessesService.Core.csproj", "{58F8766B-92A9-4A6A-84FB-329912213C76}"
EndProject
Project("{9A19103F-16F7-4668-BE54-9A1E7A4F7556}") = "WorkflowManager.ProcessesService.API", "src\Services\ProcessesService\WorkflowManager.ProcessesService.API\WorkflowManager.ProcessesService.API.csproj", "{E66BCE37-148B-40EE-9321-0A17DA3BE8BA}"
EndProject
Project("{9A19103F-16F7-4668-BE54-9A1E7A4F7556}") = "WorkflowManager.ProcessesService.ReadModel", "src\Services\ProcessesService\WorkflowManager.ProcessesService.ReadModel\WorkflowManager.ProcessesService.ReadModel.csproj", "{AF189BA9-C91C-42F9-805C-26042547C74A}"
EndProject
Project("{9A19103F-16F7-4668-BE54-9A1E7A4F7556}") = "WorkflowManager.StatusesService.Core", "src\Services\StatusesService\WorkflowManager.StatusesService.Core\WorkflowManager.StatusesService.Core.csproj", "{38C262B9-76FD-48F7-A1FD-A06309556663}"
EndProject
Project("{9A19103F-16F7-4668-BE54-9A1E7A4F7556}") = "WorkflowManager.StatusesService.ReadModel", "src\Services\StatusesService\WorkflowManager.StatusesService.ReadModel\WorkflowManager.StatusesService.ReadModel.csproj", "{7DDFCED1-29A0-4AEB-A809-11FB87B39202}"
EndProject
Project("{2150E333-8FDC-42A3-9474-1A3956D46DE8}") = "NotificationsService", "NotificationsService", "{96F376EE-5CB5-4485-9256-FD56BDA6C47D}"
EndProject
Project("{9A19103F-16F7-4668-BE54-9A1E7A4F7556}") = "WorkflowManager.NotificationsService.API", "src\Services\NotificationsService\WorkflowManager.NotificationsService.API\WorkflowManager.NotificationsService.API.csproj", "{0984767F-5846-4CE9-A7C9-26B111ACA917}"
EndProject
Project("{9A19103F-16F7-4668-BE54-9A1E7A4F7556}") = "WorkflowManager.StatusesService.API", "src\Services\StatusesService\WorkflowManager.StatusesService.API\WorkflowManager.StatusesService.API.csproj", "{EB7F7E43-E23B-40D3-87D3-A1D85B1DC835}"
EndProject
Project("{2150E333-8FDC-42A3-9474-1A3956D46DE8}") = "OperationsService", "OperationsService", "{DFAADDA6-B45D-4F5D-8049-7E7F3D3F7630}"
EndProject
Project("{9A19103F-16F7-4668-BE54-9A1E7A4F7556}") = "WorkflowManager.OperationsService.API", "src\Services\OperationsService\WorkflowManager.OperationsService.API\WorkflowManager.OperationsService.API.csproj", "{E19CF8D3-BAB4-4AB8-82E9-00D6E34C6C46}"
EndProject
Project("{2150E333-8FDC-42A3-9474-1A3956D46DE8}") = "IdentityService", "IdentityService", "{83304869-59D4-40C2-AB43-026B3CDCF515}"
EndProject
Project("{9A19103F-16F7-4668-BE54-9A1E7A4F7556}") = "WorkflowManager.IdentityService.API", "src\Services\IdentityService\WorkflowManager.IdentityService.API\WorkflowManager.IdentityService.API.csproj", "{D4EC7AAC-4A1D-412C-8428-A2973066A2B6}"
EndProject
Project("{9A19103F-16F7-4668-BE54-9A1E7A4F7556}") = "WorkflowManager.OcelotGatewayService.API", "src\Services\GatewayService\WorkflowManager.OcelotGatewayService.API\WorkflowManager.OcelotGatewayService.API.csproj", "{35278334-7760-4849-A12B-3740FBF7768E}"
EndProject
Project("{E53339B2-1760-4266-BCC7-CA923CBCF16C}") = "docker-compose", "docker-compose.dcproj", "{C3F767DF-FE8E-46A3-97F8-8906DC98B735}"
EndProject
Global
	GlobalSection(SolutionConfigurationPlatforms) = preSolution
		Debug|Any CPU = Debug|Any CPU
		Release|Any CPU = Release|Any CPU
	EndGlobalSection
	GlobalSection(ProjectConfigurationPlatforms) = postSolution
		{CB579927-C753-43E2-A5EA-04D40199B556}.Debug|Any CPU.ActiveCfg = Debug|Any CPU
		{CB579927-C753-43E2-A5EA-04D40199B556}.Debug|Any CPU.Build.0 = Debug|Any CPU
		{CB579927-C753-43E2-A5EA-04D40199B556}.Release|Any CPU.ActiveCfg = Release|Any CPU
		{CB579927-C753-43E2-A5EA-04D40199B556}.Release|Any CPU.Build.0 = Release|Any CPU
		{DA8264B0-E8E6-4108-BB26-2C345B916533}.Debug|Any CPU.ActiveCfg = Debug|Any CPU
		{DA8264B0-E8E6-4108-BB26-2C345B916533}.Debug|Any CPU.Build.0 = Debug|Any CPU
		{DA8264B0-E8E6-4108-BB26-2C345B916533}.Release|Any CPU.ActiveCfg = Release|Any CPU
		{DA8264B0-E8E6-4108-BB26-2C345B916533}.Release|Any CPU.Build.0 = Release|Any CPU
		{58F8766B-92A9-4A6A-84FB-329912213C76}.Debug|Any CPU.ActiveCfg = Debug|Any CPU
		{58F8766B-92A9-4A6A-84FB-329912213C76}.Debug|Any CPU.Build.0 = Debug|Any CPU
		{58F8766B-92A9-4A6A-84FB-329912213C76}.Release|Any CPU.ActiveCfg = Release|Any CPU
		{58F8766B-92A9-4A6A-84FB-329912213C76}.Release|Any CPU.Build.0 = Release|Any CPU
		{E66BCE37-148B-40EE-9321-0A17DA3BE8BA}.Debug|Any CPU.ActiveCfg = Debug|Any CPU
		{E66BCE37-148B-40EE-9321-0A17DA3BE8BA}.Debug|Any CPU.Build.0 = Debug|Any CPU
		{E66BCE37-148B-40EE-9321-0A17DA3BE8BA}.Release|Any CPU.ActiveCfg = Release|Any CPU
		{E66BCE37-148B-40EE-9321-0A17DA3BE8BA}.Release|Any CPU.Build.0 = Release|Any CPU
		{AF189BA9-C91C-42F9-805C-26042547C74A}.Debug|Any CPU.ActiveCfg = Debug|Any CPU
		{AF189BA9-C91C-42F9-805C-26042547C74A}.Debug|Any CPU.Build.0 = Debug|Any CPU
		{AF189BA9-C91C-42F9-805C-26042547C74A}.Release|Any CPU.ActiveCfg = Release|Any CPU
		{AF189BA9-C91C-42F9-805C-26042547C74A}.Release|Any CPU.Build.0 = Release|Any CPU
		{38C262B9-76FD-48F7-A1FD-A06309556663}.Debug|Any CPU.ActiveCfg = Debug|Any CPU
		{38C262B9-76FD-48F7-A1FD-A06309556663}.Debug|Any CPU.Build.0 = Debug|Any CPU
		{38C262B9-76FD-48F7-A1FD-A06309556663}.Release|Any CPU.ActiveCfg = Release|Any CPU
		{38C262B9-76FD-48F7-A1FD-A06309556663}.Release|Any CPU.Build.0 = Release|Any CPU
		{7DDFCED1-29A0-4AEB-A809-11FB87B39202}.Debug|Any CPU.ActiveCfg = Debug|Any CPU
		{7DDFCED1-29A0-4AEB-A809-11FB87B39202}.Debug|Any CPU.Build.0 = Debug|Any CPU
		{7DDFCED1-29A0-4AEB-A809-11FB87B39202}.Release|Any CPU.ActiveCfg = Release|Any CPU
		{7DDFCED1-29A0-4AEB-A809-11FB87B39202}.Release|Any CPU.Build.0 = Release|Any CPU
		{0984767F-5846-4CE9-A7C9-26B111ACA917}.Debug|Any CPU.ActiveCfg = Debug|Any CPU
		{0984767F-5846-4CE9-A7C9-26B111ACA917}.Debug|Any CPU.Build.0 = Debug|Any CPU
		{0984767F-5846-4CE9-A7C9-26B111ACA917}.Release|Any CPU.ActiveCfg = Release|Any CPU
		{0984767F-5846-4CE9-A7C9-26B111ACA917}.Release|Any CPU.Build.0 = Release|Any CPU
		{EB7F7E43-E23B-40D3-87D3-A1D85B1DC835}.Debug|Any CPU.ActiveCfg = Debug|Any CPU
		{EB7F7E43-E23B-40D3-87D3-A1D85B1DC835}.Debug|Any CPU.Build.0 = Debug|Any CPU
		{EB7F7E43-E23B-40D3-87D3-A1D85B1DC835}.Release|Any CPU.ActiveCfg = Release|Any CPU
		{EB7F7E43-E23B-40D3-87D3-A1D85B1DC835}.Release|Any CPU.Build.0 = Release|Any CPU
		{E19CF8D3-BAB4-4AB8-82E9-00D6E34C6C46}.Debug|Any CPU.ActiveCfg = Debug|Any CPU
		{E19CF8D3-BAB4-4AB8-82E9-00D6E34C6C46}.Debug|Any CPU.Build.0 = Debug|Any CPU
		{E19CF8D3-BAB4-4AB8-82E9-00D6E34C6C46}.Release|Any CPU.ActiveCfg = Release|Any CPU
		{E19CF8D3-BAB4-4AB8-82E9-00D6E34C6C46}.Release|Any CPU.Build.0 = Release|Any CPU
		{D4EC7AAC-4A1D-412C-8428-A2973066A2B6}.Debug|Any CPU.ActiveCfg = Debug|Any CPU
		{D4EC7AAC-4A1D-412C-8428-A2973066A2B6}.Debug|Any CPU.Build.0 = Debug|Any CPU
		{D4EC7AAC-4A1D-412C-8428-A2973066A2B6}.Release|Any CPU.ActiveCfg = Release|Any CPU
		{D4EC7AAC-4A1D-412C-8428-A2973066A2B6}.Release|Any CPU.Build.0 = Release|Any CPU
		{35278334-7760-4849-A12B-3740FBF7768E}.Debug|Any CPU.ActiveCfg = Debug|Any CPU
		{35278334-7760-4849-A12B-3740FBF7768E}.Debug|Any CPU.Build.0 = Debug|Any CPU
		{35278334-7760-4849-A12B-3740FBF7768E}.Release|Any CPU.ActiveCfg = Release|Any CPU
		{35278334-7760-4849-A12B-3740FBF7768E}.Release|Any CPU.Build.0 = Release|Any CPU
		{C3F767DF-FE8E-46A3-97F8-8906DC98B735}.Debug|Any CPU.ActiveCfg = Debug|Any CPU
		{C3F767DF-FE8E-46A3-97F8-8906DC98B735}.Debug|Any CPU.Build.0 = Debug|Any CPU
		{C3F767DF-FE8E-46A3-97F8-8906DC98B735}.Release|Any CPU.ActiveCfg = Release|Any CPU
		{C3F767DF-FE8E-46A3-97F8-8906DC98B735}.Release|Any CPU.Build.0 = Release|Any CPU
	EndGlobalSection
	GlobalSection(SolutionProperties) = preSolution
		HideSolutionNode = FALSE
	EndGlobalSection
	GlobalSection(NestedProjects) = preSolution
		{D4921CF0-8411-4F2E-AACD-F1F412BF7646} = {EF836DFE-7768-44C8-B4EC-4FF7B4F7D7B0}
		{25AD97C8-366A-43D1-97B0-1231D978EA4D} = {EF836DFE-7768-44C8-B4EC-4FF7B4F7D7B0}
		{C81D7CF6-322C-4F7B-9DAD-07F35EA250B1} = {EF836DFE-7768-44C8-B4EC-4FF7B4F7D7B0}
		{6262B9BF-905D-44A0-BE22-113EFD28C169} = {EF836DFE-7768-44C8-B4EC-4FF7B4F7D7B0}
		{58F8766B-92A9-4A6A-84FB-329912213C76} = {D4921CF0-8411-4F2E-AACD-F1F412BF7646}
		{E66BCE37-148B-40EE-9321-0A17DA3BE8BA} = {D4921CF0-8411-4F2E-AACD-F1F412BF7646}
		{AF189BA9-C91C-42F9-805C-26042547C74A} = {D4921CF0-8411-4F2E-AACD-F1F412BF7646}
		{38C262B9-76FD-48F7-A1FD-A06309556663} = {25AD97C8-366A-43D1-97B0-1231D978EA4D}
		{7DDFCED1-29A0-4AEB-A809-11FB87B39202} = {25AD97C8-366A-43D1-97B0-1231D978EA4D}
		{96F376EE-5CB5-4485-9256-FD56BDA6C47D} = {EF836DFE-7768-44C8-B4EC-4FF7B4F7D7B0}
		{0984767F-5846-4CE9-A7C9-26B111ACA917} = {96F376EE-5CB5-4485-9256-FD56BDA6C47D}
		{EB7F7E43-E23B-40D3-87D3-A1D85B1DC835} = {25AD97C8-366A-43D1-97B0-1231D978EA4D}
		{DFAADDA6-B45D-4F5D-8049-7E7F3D3F7630} = {EF836DFE-7768-44C8-B4EC-4FF7B4F7D7B0}
		{E19CF8D3-BAB4-4AB8-82E9-00D6E34C6C46} = {DFAADDA6-B45D-4F5D-8049-7E7F3D3F7630}
		{83304869-59D4-40C2-AB43-026B3CDCF515} = {EF836DFE-7768-44C8-B4EC-4FF7B4F7D7B0}
		{D4EC7AAC-4A1D-412C-8428-A2973066A2B6} = {83304869-59D4-40C2-AB43-026B3CDCF515}
		{35278334-7760-4849-A12B-3740FBF7768E} = {6262B9BF-905D-44A0-BE22-113EFD28C169}
	EndGlobalSection
	GlobalSection(ExtensibilityGlobals) = postSolution
		SolutionGuid = {BC8110BC-EEB3-4A5D-9494-0A1430BCD966}
	EndGlobalSection
EndGlobal
